
Microsoft Visual Studio Solution File, Format Version 12.00
# Visual Studio 14
VisualStudioVersion = 14.0.24720.0
MinimumVisualStudioVersion = 10.0.40219.1
Project("{FAE04EC0-301F-11D3-BF4B-00C04F79EFBC}") = "Test", "Test\Test.csproj", "{5B26F260-12B6-49DB-BAF5-91A9644D7C19}"
EndProject
Project("{FAE04EC0-301F-11D3-BF4B-00C04F79EFBC}") = "SapAutomation", "SapAutomation\SapAutomation.csproj", "{7AE20982-DDEA-44D9-BDAA-6A1F4EF87A0C}"
EndProject
Project("{FAE04EC0-301F-11D3-BF4B-00C04F79EFBC}") = "SapAutomation.Managers.AemPageManager", "SapAutomation.Managers.AemPageManager\SapAutomation.Managers.AemPageManager.csproj", "{B723C5A0-D5D7-4935-A54B-4262812D0C6D}"
EndProject
Project("{FAE04EC0-301F-11D3-BF4B-00C04F79EFBC}") = "SapAutomation.Managers.JobManager", "SapAutomation.Managers.JobManager\SapAutomation.Managers.JobManager.csproj", "{37E463D7-B339-49D4-818E-923209EEC902}"
EndProject
Project("{FAE04EC0-301F-11D3-BF4B-00C04F79EFBC}") = "SapAutomation.Managers.GitHubTutorialManager", "SapAutomation.Managers.GitHubTutorialManager\SapAutomation.Managers.GitHubTutorialManager.csproj", "{14AE6EC4-024E-495C-BB23-B39C1543C983}"
EndProject
Project("{FAE04EC0-301F-11D3-BF4B-00C04F79EFBC}") = "SapAutomation.Web.Pages.Aem", "SapAutomation.Web.Pages.Aem\SapAutomation.Web.Pages.Aem.csproj", "{B9F141CA-E210-4CF9-B84A-C82700B5F9D6}"
EndProject
Project("{FAE04EC0-301F-11D3-BF4B-00C04F79EFBC}") = "SapAutomation.Web.Pages.Sap", "SapAutomation.Web.Pages.Sap\SapAutomation.Web.Pages.Sap.csproj", "{9FB05209-7B6F-4C64-AC03-A35E668FCB5E}"
EndProject
Project("{FAE04EC0-301F-11D3-BF4B-00C04F79EFBC}") = "SapAutomation.Web.Components.Aem", "SapAutomation.Web.Components.Aem\SapAutomation.Web.Components.Aem.csproj", "{A889DD2F-1802-4B4C-A7AD-94BD4321A224}"
EndProject
Project("{FAE04EC0-301F-11D3-BF4B-00C04F79EFBC}") = "SapAutomation.Web.Components.Sap", "SapAutomation.Web.Components.Sap\SapAutomation.Web.Components.Sap.csproj", "{9B1D9AAC-0694-4322-A767-8EB473D45641}"
EndProject
Project("{FAE04EC0-301F-11D3-BF4B-00C04F79EFBC}") = "SapAutomation.Managers.TagManager", "SapAutomation.Managers.TagManager\SapAutomation.Managers.TagManager.csproj", "{7923B33A-6DB1-4468-9A0B-D2E88DA10873}"
EndProject
Project("{FAE04EC0-301F-11D3-BF4B-00C04F79EFBC}") = "SapAutomation.Managers.UserManager", "SapAutomation.Managers.UserManager\SapAutomation.Managers.UserManager.csproj", "{2EAB1113-A13C-4907-9F28-10406901CD18}"
EndProject
Global
	GlobalSection(SolutionConfigurationPlatforms) = preSolution
		Debug|Any CPU = Debug|Any CPU
		Release|Any CPU = Release|Any CPU
	EndGlobalSection
	GlobalSection(ProjectConfigurationPlatforms) = postSolution
		{5B26F260-12B6-49DB-BAF5-91A9644D7C19}.Debug|Any CPU.ActiveCfg = Debug|Any CPU
		{5B26F260-12B6-49DB-BAF5-91A9644D7C19}.Debug|Any CPU.Build.0 = Debug|Any CPU
		{5B26F260-12B6-49DB-BAF5-91A9644D7C19}.Release|Any CPU.ActiveCfg = Release|Any CPU
		{5B26F260-12B6-49DB-BAF5-91A9644D7C19}.Release|Any CPU.Build.0 = Release|Any CPU
		{7AE20982-DDEA-44D9-BDAA-6A1F4EF87A0C}.Debug|Any CPU.ActiveCfg = Debug|Any CPU
		{7AE20982-DDEA-44D9-BDAA-6A1F4EF87A0C}.Debug|Any CPU.Build.0 = Debug|Any CPU
		{7AE20982-DDEA-44D9-BDAA-6A1F4EF87A0C}.Release|Any CPU.ActiveCfg = Release|Any CPU
		{7AE20982-DDEA-44D9-BDAA-6A1F4EF87A0C}.Release|Any CPU.Build.0 = Release|Any CPU
		{B723C5A0-D5D7-4935-A54B-4262812D0C6D}.Debug|Any CPU.ActiveCfg = Debug|Any CPU
		{B723C5A0-D5D7-4935-A54B-4262812D0C6D}.Debug|Any CPU.Build.0 = Debug|Any CPU
		{B723C5A0-D5D7-4935-A54B-4262812D0C6D}.Release|Any CPU.ActiveCfg = Release|Any CPU
		{B723C5A0-D5D7-4935-A54B-4262812D0C6D}.Release|Any CPU.Build.0 = Release|Any CPU
		{37E463D7-B339-49D4-818E-923209EEC902}.Debug|Any CPU.ActiveCfg = Debug|Any CPU
		{37E463D7-B339-49D4-818E-923209EEC902}.Debug|Any CPU.Build.0 = Debug|Any CPU
		{37E463D7-B339-49D4-818E-923209EEC902}.Release|Any CPU.ActiveCfg = Release|Any CPU
		{37E463D7-B339-49D4-818E-923209EEC902}.Release|Any CPU.Build.0 = Release|Any CPU
		{14AE6EC4-024E-495C-BB23-B39C1543C983}.Debug|Any CPU.ActiveCfg = Debug|Any CPU
		{14AE6EC4-024E-495C-BB23-B39C1543C983}.Debug|Any CPU.Build.0 = Debug|Any CPU
		{14AE6EC4-024E-495C-BB23-B39C1543C983}.Release|Any CPU.ActiveCfg = Release|Any CPU
		{14AE6EC4-024E-495C-BB23-B39C1543C983}.Release|Any CPU.Build.0 = Release|Any CPU
		{B9F141CA-E210-4CF9-B84A-C82700B5F9D6}.Debug|Any CPU.ActiveCfg = Debug|Any CPU
		{B9F141CA-E210-4CF9-B84A-C82700B5F9D6}.Debug|Any CPU.Build.0 = Debug|Any CPU
		{B9F141CA-E210-4CF9-B84A-C82700B5F9D6}.Release|Any CPU.ActiveCfg = Release|Any CPU
		{B9F141CA-E210-4CF9-B84A-C82700B5F9D6}.Release|Any CPU.Build.0 = Release|Any CPU
		{9FB05209-7B6F-4C64-AC03-A35E668FCB5E}.Debug|Any CPU.ActiveCfg = Debug|Any CPU
		{9FB05209-7B6F-4C64-AC03-A35E668FCB5E}.Debug|Any CPU.Build.0 = Debug|Any CPU
		{9FB05209-7B6F-4C64-AC03-A35E668FCB5E}.Release|Any CPU.ActiveCfg = Release|Any CPU
		{9FB05209-7B6F-4C64-AC03-A35E668FCB5E}.Release|Any CPU.Build.0 = Release|Any CPU
		{A889DD2F-1802-4B4C-A7AD-94BD4321A224}.Debug|Any CPU.ActiveCfg = Debug|Any CPU
		{A889DD2F-1802-4B4C-A7AD-94BD4321A224}.Debug|Any CPU.Build.0 = Debug|Any CPU
		{A889DD2F-1802-4B4C-A7AD-94BD4321A224}.Release|Any CPU.ActiveCfg = Release|Any CPU
		{A889DD2F-1802-4B4C-A7AD-94BD4321A224}.Release|Any CPU.Build.0 = Release|Any CPU
		{9B1D9AAC-0694-4322-A767-8EB473D45641}.Debug|Any CPU.ActiveCfg = Debug|Any CPU
		{9B1D9AAC-0694-4322-A767-8EB473D45641}.Debug|Any CPU.Build.0 = Debug|Any CPU
		{9B1D9AAC-0694-4322-A767-8EB473D45641}.Release|Any CPU.ActiveCfg = Release|Any CPU
		{9B1D9AAC-0694-4322-A767-8EB473D45641}.Release|Any CPU.Build.0 = Release|Any CPU
		{7923B33A-6DB1-4468-9A0B-D2E88DA10873}.Debug|Any CPU.ActiveCfg = Debug|Any CPU
		{7923B33A-6DB1-4468-9A0B-D2E88DA10873}.Debug|Any CPU.Build.0 = Debug|Any CPU
		{7923B33A-6DB1-4468-9A0B-D2E88DA10873}.Release|Any CPU.ActiveCfg = Release|Any CPU
		{7923B33A-6DB1-4468-9A0B-D2E88DA10873}.Release|Any CPU.Build.0 = Release|Any CPU
		{2EAB1113-A13C-4907-9F28-10406901CD18}.Debug|Any CPU.ActiveCfg = Debug|Any CPU
		{2EAB1113-A13C-4907-9F28-10406901CD18}.Debug|Any CPU.Build.0 = Debug|Any CPU
		{2EAB1113-A13C-4907-9F28-10406901CD18}.Release|Any CPU.ActiveCfg = Release|Any CPU
		{2EAB1113-A13C-4907-9F28-10406901CD18}.Release|Any CPU.Build.0 = Release|Any CPU
	EndGlobalSection
	GlobalSection(SolutionProperties) = preSolution
		HideSolutionNode = FALSE
	EndGlobalSection
EndGlobal
