
Microsoft Visual Studio Solution File, Format Version 12.00
# Visual Studio 14
VisualStudioVersion = 14.0.25123.0
MinimumVisualStudioVersion = 10.0.40219.1
Project("{FAE04EC0-301F-11D3-BF4B-00C04F79EFBC}") = "SapAutomation", "SapAutomation\SapAutomation.csproj", "{7AE20982-DDEA-44D9-BDAA-6A1F4EF87A0C}"
EndProject
Project("{FAE04EC0-301F-11D3-BF4B-00C04F79EFBC}") = "SapAutomation.Managers.AemPageManager", "SapAutomation.Managers.AemPageManager\SapAutomation.Managers.AemPageManager.csproj", "{B723C5A0-D5D7-4935-A54B-4262812D0C6D}"
	ProjectSection(ProjectDependencies) = postProject
		{7AE20982-DDEA-44D9-BDAA-6A1F4EF87A0C} = {7AE20982-DDEA-44D9-BDAA-6A1F4EF87A0C}
		{CA92DBA1-ECA7-4C87-BC17-5AEF08B16255} = {CA92DBA1-ECA7-4C87-BC17-5AEF08B16255}
	EndProjectSection
EndProject
Project("{FAE04EC0-301F-11D3-BF4B-00C04F79EFBC}") = "SapAutomation.Managers.JobManager", "SapAutomation.Managers.JobManager\SapAutomation.Managers.JobManager.csproj", "{37E463D7-B339-49D4-818E-923209EEC902}"
	ProjectSection(ProjectDependencies) = postProject
		{7AE20982-DDEA-44D9-BDAA-6A1F4EF87A0C} = {7AE20982-DDEA-44D9-BDAA-6A1F4EF87A0C}
		{CA92DBA1-ECA7-4C87-BC17-5AEF08B16255} = {CA92DBA1-ECA7-4C87-BC17-5AEF08B16255}
	EndProjectSection
EndProject
Project("{FAE04EC0-301F-11D3-BF4B-00C04F79EFBC}") = "SapAutomation.Managers.GitHubTutorialManager", "SapAutomation.Managers.GitHubTutorialManager\SapAutomation.Managers.GitHubTutorialManager.csproj", "{14AE6EC4-024E-495C-BB23-B39C1543C983}"
	ProjectSection(ProjectDependencies) = postProject
		{9FB05209-7B6F-4C64-AC03-A35E668FCB5E} = {9FB05209-7B6F-4C64-AC03-A35E668FCB5E}
		{7AE20982-DDEA-44D9-BDAA-6A1F4EF87A0C} = {7AE20982-DDEA-44D9-BDAA-6A1F4EF87A0C}
	EndProjectSection
EndProject
Project("{FAE04EC0-301F-11D3-BF4B-00C04F79EFBC}") = "SapAutomation.Web.Pages.Aem", "SapAutomation.Web.Pages.Aem\SapAutomation.Web.Pages.Aem.csproj", "{B9F141CA-E210-4CF9-B84A-C82700B5F9D6}"
	ProjectSection(ProjectDependencies) = postProject
		{7AE20982-DDEA-44D9-BDAA-6A1F4EF87A0C} = {7AE20982-DDEA-44D9-BDAA-6A1F4EF87A0C}
		{CA92DBA1-ECA7-4C87-BC17-5AEF08B16255} = {CA92DBA1-ECA7-4C87-BC17-5AEF08B16255}
	EndProjectSection
EndProject
Project("{FAE04EC0-301F-11D3-BF4B-00C04F79EFBC}") = "SapAutomation.Web.Pages.Sap", "SapAutomation.Web.Pages.Sap\SapAutomation.Web.Pages.Sap.csproj", "{9FB05209-7B6F-4C64-AC03-A35E668FCB5E}"
	ProjectSection(ProjectDependencies) = postProject
		{7AE20982-DDEA-44D9-BDAA-6A1F4EF87A0C} = {7AE20982-DDEA-44D9-BDAA-6A1F4EF87A0C}
		{9B1D9AAC-0694-4322-A767-8EB473D45641} = {9B1D9AAC-0694-4322-A767-8EB473D45641}
	EndProjectSection
EndProject
Project("{FAE04EC0-301F-11D3-BF4B-00C04F79EFBC}") = "SapAutomation.Web.Components.Aem", "SapAutomation.Web.Components.Aem\SapAutomation.Web.Components.Aem.csproj", "{A889DD2F-1802-4B4C-A7AD-94BD4321A224}"
	ProjectSection(ProjectDependencies) = postProject
		{7AE20982-DDEA-44D9-BDAA-6A1F4EF87A0C} = {7AE20982-DDEA-44D9-BDAA-6A1F4EF87A0C}
	EndProjectSection
EndProject
Project("{FAE04EC0-301F-11D3-BF4B-00C04F79EFBC}") = "SapAutomation.Web.Components.Sap", "SapAutomation.Web.Components.Sap\SapAutomation.Web.Components.Sap.csproj", "{9B1D9AAC-0694-4322-A767-8EB473D45641}"
	ProjectSection(ProjectDependencies) = postProject
		{A889DD2F-1802-4B4C-A7AD-94BD4321A224} = {A889DD2F-1802-4B4C-A7AD-94BD4321A224}
		{7AE20982-DDEA-44D9-BDAA-6A1F4EF87A0C} = {7AE20982-DDEA-44D9-BDAA-6A1F4EF87A0C}
	EndProjectSection
EndProject
Project("{FAE04EC0-301F-11D3-BF4B-00C04F79EFBC}") = "SapAutomation.Managers.AemTagManager", "SapAutomation.Managers.AemTagManager\SapAutomation.Managers.AemTagManager.csproj", "{A645B36D-9B26-4E53-ABC2-4E1B68FE6D7A}"
	ProjectSection(ProjectDependencies) = postProject
		{7AE20982-DDEA-44D9-BDAA-6A1F4EF87A0C} = {7AE20982-DDEA-44D9-BDAA-6A1F4EF87A0C}
		{CA92DBA1-ECA7-4C87-BC17-5AEF08B16255} = {CA92DBA1-ECA7-4C87-BC17-5AEF08B16255}
	EndProjectSection
EndProject
Project("{FAE04EC0-301F-11D3-BF4B-00C04F79EFBC}") = "SapAutomation.Managers.AemUserManager", "SapAutomation.Managers.AemUserManager\SapAutomation.Managers.AemUserManager.csproj", "{CA92DBA1-ECA7-4C87-BC17-5AEF08B16255}"
	ProjectSection(ProjectDependencies) = postProject
		{7AE20982-DDEA-44D9-BDAA-6A1F4EF87A0C} = {7AE20982-DDEA-44D9-BDAA-6A1F4EF87A0C}
	EndProjectSection
EndProject
Project("{2150E333-8FDC-42A3-9474-1A3956D46DE8}") = "Solution Items", "Solution Items", "{D7367BF3-F61D-4A92-86CB-6C80844B9B0C}"
	ProjectSection(SolutionItems) = preProject
		nuget.config = nuget.config
		setnugetconfig.bat = setnugetconfig.bat
	EndProjectSection
EndProject
Project("{FAE04EC0-301F-11D3-BF4B-00C04F79EFBC}") = "SapAutomation.Managers.AnalyticsManager", "SapAutomation.Managers.AnalyticsManager\SapAutomation.Managers.AnalyticsManager.csproj", "{437AB169-04F7-48CB-A564-38E096B22631}"
EndProject
Global
	GlobalSection(SolutionConfigurationPlatforms) = preSolution
		Debug|Any CPU = Debug|Any CPU
		Release|Any CPU = Release|Any CPU
	EndGlobalSection
	GlobalSection(ProjectConfigurationPlatforms) = postSolution
		{7AE20982-DDEA-44D9-BDAA-6A1F4EF87A0C}.Debug|Any CPU.ActiveCfg = Debug|Any CPU
		{7AE20982-DDEA-44D9-BDAA-6A1F4EF87A0C}.Debug|Any CPU.Build.0 = Debug|Any CPU
		{7AE20982-DDEA-44D9-BDAA-6A1F4EF87A0C}.Release|Any CPU.ActiveCfg = Release|Any CPU
		{7AE20982-DDEA-44D9-BDAA-6A1F4EF87A0C}.Release|Any CPU.Build.0 = Release|Any CPU
		{B723C5A0-D5D7-4935-A54B-4262812D0C6D}.Debug|Any CPU.ActiveCfg = Debug|Any CPU
		{B723C5A0-D5D7-4935-A54B-4262812D0C6D}.Debug|Any CPU.Build.0 = Debug|Any CPU
		{B723C5A0-D5D7-4935-A54B-4262812D0C6D}.Release|Any CPU.ActiveCfg = Release|Any CPU
		{B723C5A0-D5D7-4935-A54B-4262812D0C6D}.Release|Any CPU.Build.0 = Release|Any CPU
		{37E463D7-B339-49D4-818E-923209EEC902}.Debug|Any CPU.ActiveCfg = Debug|Any CPU
		{37E463D7-B339-49D4-818E-923209EEC902}.Debug|Any CPU.Build.0 = Debug|Any CPU
		{37E463D7-B339-49D4-818E-923209EEC902}.Release|Any CPU.ActiveCfg = Release|Any CPU
		{37E463D7-B339-49D4-818E-923209EEC902}.Release|Any CPU.Build.0 = Release|Any CPU
		{14AE6EC4-024E-495C-BB23-B39C1543C983}.Debug|Any CPU.ActiveCfg = Debug|Any CPU
		{14AE6EC4-024E-495C-BB23-B39C1543C983}.Debug|Any CPU.Build.0 = Debug|Any CPU
		{14AE6EC4-024E-495C-BB23-B39C1543C983}.Release|Any CPU.ActiveCfg = Release|Any CPU
		{14AE6EC4-024E-495C-BB23-B39C1543C983}.Release|Any CPU.Build.0 = Release|Any CPU
		{B9F141CA-E210-4CF9-B84A-C82700B5F9D6}.Debug|Any CPU.ActiveCfg = Debug|Any CPU
		{B9F141CA-E210-4CF9-B84A-C82700B5F9D6}.Debug|Any CPU.Build.0 = Debug|Any CPU
		{B9F141CA-E210-4CF9-B84A-C82700B5F9D6}.Release|Any CPU.ActiveCfg = Release|Any CPU
		{B9F141CA-E210-4CF9-B84A-C82700B5F9D6}.Release|Any CPU.Build.0 = Release|Any CPU
		{9FB05209-7B6F-4C64-AC03-A35E668FCB5E}.Debug|Any CPU.ActiveCfg = Debug|Any CPU
		{9FB05209-7B6F-4C64-AC03-A35E668FCB5E}.Debug|Any CPU.Build.0 = Debug|Any CPU
		{9FB05209-7B6F-4C64-AC03-A35E668FCB5E}.Release|Any CPU.ActiveCfg = Release|Any CPU
		{9FB05209-7B6F-4C64-AC03-A35E668FCB5E}.Release|Any CPU.Build.0 = Release|Any CPU
		{A889DD2F-1802-4B4C-A7AD-94BD4321A224}.Debug|Any CPU.ActiveCfg = Debug|Any CPU
		{A889DD2F-1802-4B4C-A7AD-94BD4321A224}.Debug|Any CPU.Build.0 = Debug|Any CPU
		{A889DD2F-1802-4B4C-A7AD-94BD4321A224}.Release|Any CPU.ActiveCfg = Release|Any CPU
		{A889DD2F-1802-4B4C-A7AD-94BD4321A224}.Release|Any CPU.Build.0 = Release|Any CPU
		{9B1D9AAC-0694-4322-A767-8EB473D45641}.Debug|Any CPU.ActiveCfg = Debug|Any CPU
		{9B1D9AAC-0694-4322-A767-8EB473D45641}.Debug|Any CPU.Build.0 = Debug|Any CPU
		{9B1D9AAC-0694-4322-A767-8EB473D45641}.Release|Any CPU.ActiveCfg = Release|Any CPU
		{9B1D9AAC-0694-4322-A767-8EB473D45641}.Release|Any CPU.Build.0 = Release|Any CPU
		{A645B36D-9B26-4E53-ABC2-4E1B68FE6D7A}.Debug|Any CPU.ActiveCfg = Debug|Any CPU
		{A645B36D-9B26-4E53-ABC2-4E1B68FE6D7A}.Debug|Any CPU.Build.0 = Debug|Any CPU
		{A645B36D-9B26-4E53-ABC2-4E1B68FE6D7A}.Release|Any CPU.ActiveCfg = Release|Any CPU
		{A645B36D-9B26-4E53-ABC2-4E1B68FE6D7A}.Release|Any CPU.Build.0 = Release|Any CPU
		{CA92DBA1-ECA7-4C87-BC17-5AEF08B16255}.Debug|Any CPU.ActiveCfg = Debug|Any CPU
		{CA92DBA1-ECA7-4C87-BC17-5AEF08B16255}.Debug|Any CPU.Build.0 = Debug|Any CPU
		{CA92DBA1-ECA7-4C87-BC17-5AEF08B16255}.Release|Any CPU.ActiveCfg = Release|Any CPU
		{CA92DBA1-ECA7-4C87-BC17-5AEF08B16255}.Release|Any CPU.Build.0 = Release|Any CPU
		{437AB169-04F7-48CB-A564-38E096B22631}.Debug|Any CPU.ActiveCfg = Debug|Any CPU
		{437AB169-04F7-48CB-A564-38E096B22631}.Debug|Any CPU.Build.0 = Debug|Any CPU
		{437AB169-04F7-48CB-A564-38E096B22631}.Release|Any CPU.ActiveCfg = Release|Any CPU
		{437AB169-04F7-48CB-A564-38E096B22631}.Release|Any CPU.Build.0 = Release|Any CPU
	EndGlobalSection
	GlobalSection(SolutionProperties) = preSolution
		HideSolutionNode = FALSE
	EndGlobalSection
EndGlobal
